{
    "name": "@compodoc/ngd",
    "version": "2.0.0",
    "lockfileVersion": 1,
    "requires": true,
    "dependencies": {
        "@types/node": {
            "version": "6.0.88",
            "resolved": "https://registry.npmjs.org/@types/node/-/node-6.0.88.tgz",
            "integrity": "sha1-9hjxGpRPahjZK1xHIChyij49S2Y="
        },
        "@types/typescript": {
            "version": "0.4.29",
            "resolved": "https://registry.npmjs.org/@types/typescript/-/typescript-0.4.29.tgz",
            "integrity": "sha1-KgIDh6B2Ji6RXh/Uy6Pfk919bkk="
        },
        "dom-parser": {
            "version": "0.1.6",
            "resolved": "https://registry.npmjs.org/dom-parser/-/dom-parser-0.1.6.tgz",
            "integrity": "sha512-3nVRKbLEwmGfghLoeT1dxlK/0votalnOfasP+8VCHYDfDuCETY4LeMblfOeqww6XZk2ymZ1Uewy/hVad6Dy3yw=="
        },
        "typescript": {
            "version": "2.5.3",
            "resolved": "https://registry.npmjs.org/typescript/-/typescript-2.5.3.tgz",
            "integrity": "sha1-3z3Nw48764ANS8MiZGsEo/bKfw0="
        }
    }
}
